
Microsoft Visual Studio Solution File, Format Version 12.00
# Visual Studio 15
VisualStudioVersion = 15.0.28307.168
MinimumVisualStudioVersion = 10.0.40219.1
Project("{FAE04EC0-301F-11D3-BF4B-00C04F79EFBC}") = "CSHTMLTokenizer", "CSHTMLTokenizer\CSHTMLTokenizer.csproj", "{FE573F12-ED08-415D-A836-48552B831D00}"
EndProject
Global
	GlobalSection(SolutionConfigurationPlatforms) = preSolution
		Debug|Any CPU = Debug|Any CPU
		Release|Any CPU = Release|Any CPU
	EndGlobalSection
	GlobalSection(ProjectConfigurationPlatforms) = postSolution
		{FE573F12-ED08-415D-A836-48552B831D00}.Debug|Any CPU.ActiveCfg = Debug|Any CPU
		{FE573F12-ED08-415D-A836-48552B831D00}.Debug|Any CPU.Build.0 = Debug|Any CPU
		{FE573F12-ED08-415D-A836-48552B831D00}.Release|Any CPU.ActiveCfg = Release|Any CPU
		{FE573F12-ED08-415D-A836-48552B831D00}.Release|Any CPU.Build.0 = Release|Any CPU
	EndGlobalSection
	GlobalSection(SolutionProperties) = preSolution
		HideSolutionNode = FALSE
	EndGlobalSection
	GlobalSection(ExtensibilityGlobals) = postSolution
		SolutionGuid = {EA2E9D18-8568-47CC-9D2B-C1F0153D1341}
	EndGlobalSection
EndGlobal
